
Microsoft Visual Studio Solution File, Format Version 12.00
# Visual Studio Version 17
VisualStudioVersion = 17.14.35821.62 d17.14
MinimumVisualStudioVersion = 10.0.40219.1
Project("{FAE04EC0-301F-11D3-BF4B-00C04F79EFBC}") = "Demo_Addin", "Demo_Addin.csproj", "{8646F3B0-EAA7-4EE9-A4C0-9112498F8E91}"
EndProject
Global
	GlobalSection(SolutionConfigurationPlatforms) = preSolution
		Debug|Any CPU = Debug|Any CPU
		Release|Any CPU = Release|Any CPU
	EndGlobalSection
	GlobalSection(ProjectConfigurationPlatforms) = postSolution
		{8646F3B0-EAA7-4EE9-A4C0-9112498F8E91}.Debug|Any CPU.ActiveCfg = Debug|Any CPU
		{8646F3B0-EAA7-4EE9-A4C0-9112498F8E91}.Debug|Any CPU.Build.0 = Debug|Any CPU
		{8646F3B0-EAA7-4EE9-A4C0-9112498F8E91}.Release|Any CPU.ActiveCfg = Release|Any CPU
		{8646F3B0-EAA7-4EE9-A4C0-9112498F8E91}.Release|Any CPU.Build.0 = Release|Any CPU
	EndGlobalSection
	GlobalSection(SolutionProperties) = preSolution
		HideSolutionNode = FALSE
	EndGlobalSection
	GlobalSection(ExtensibilityGlobals) = postSolution
		SolutionGuid = {99C47084-94A5-45E3-BF0C-91E96B1B939F}
	EndGlobalSection
EndGlobal
